# generated by rye
# use `rye lock` or `rye sync` to update this lockfile
#
# last locked with the following flags:
#   pre: false
#   features: []
#   all-features: false
#   with-sources: false

-e file:.
annotated-types==0.6.0
    # via pydantic
catalogue==2.0.10
    # via timeseriesflattener
coloredlogs==15.0.1
    # via timeseriesflattener
frozendict==2.4.0
    # via timeseriesflattener
humanfriendly==10.0
    # via coloredlogs
iterpy==1.6.0
    # via timeseriesflattener
joblib==1.3.2
    # via scikit-learn
markdown-it-py==3.0.0
    # via rich
mdurl==0.1.2
    # via markdown-it-py
numpy==1.26.4
    # via pandas
    # via pyarrow
    # via scikit-learn
    # via scipy
    # via timeseriesflattener
pandas==2.1.3
    # via timeseriesflattener
polars==0.20.10
    # via timeseriesflattener
protobuf==4.24.4
    # via timeseriesflattener
pyarrow==15.0.0
    # via timeseriesflattener
pydantic==2.6.1
    # via timeseriesflattener
pydantic-core==2.16.2
    # via pydantic
pygments==2.17.2
    # via rich
python-dateutil==2.8.2
    # via pandas
pytz==2024.1
    # via pandas
rich==13.7.0
    # via timeseriesflattener
scikit-learn==1.4.1.post1
    # via timeseriesflattener
scipy==1.12.0
    # via scikit-learn
    # via timeseriesflattener
six==1.16.0
    # via python-dateutil
threadpoolctl==3.3.0
    # via scikit-learn
tqdm==4.66.2
    # via timeseriesflattener
typing-extensions==4.9.0
    # via pydantic
    # via pydantic-core
tzdata==2024.1
    # via pandas
